
Microsoft Visual Studio Solution File, Format Version 12.00
# Visual Studio Version 16
VisualStudioVersion = 16.0.32002.261
MinimumVisualStudioVersion = 10.0.40219.1
Project("{FAE04EC0-301F-11D3-BF4B-00C04F79EFBC}") = "Hmwk4_6ImgEf.Data", "Hmwk4_6ImgEf.Data\Hmwk4_6ImgEf.Data.csproj", "{093141CD-953E-4DE6-A768-81FE2F986504}"
EndProject
Project("{FAE04EC0-301F-11D3-BF4B-00C04F79EFBC}") = "Hmwk4_6ImgEf.Web", "Hmwk4_6ImgEf.Web\Hmwk4_6ImgEf.Web.csproj", "{517B84C6-095A-44EE-9842-8594344E7DCB}"
EndProject
Global
	GlobalSection(SolutionConfigurationPlatforms) = preSolution
		Debug|Any CPU = Debug|Any CPU
		Release|Any CPU = Release|Any CPU
	EndGlobalSection
	GlobalSection(ProjectConfigurationPlatforms) = postSolution
		{093141CD-953E-4DE6-A768-81FE2F986504}.Debug|Any CPU.ActiveCfg = Debug|Any CPU
		{093141CD-953E-4DE6-A768-81FE2F986504}.Debug|Any CPU.Build.0 = Debug|Any CPU
		{093141CD-953E-4DE6-A768-81FE2F986504}.Release|Any CPU.ActiveCfg = Release|Any CPU
		{093141CD-953E-4DE6-A768-81FE2F986504}.Release|Any CPU.Build.0 = Release|Any CPU
		{517B84C6-095A-44EE-9842-8594344E7DCB}.Debug|Any CPU.ActiveCfg = Debug|Any CPU
		{517B84C6-095A-44EE-9842-8594344E7DCB}.Debug|Any CPU.Build.0 = Debug|Any CPU
		{517B84C6-095A-44EE-9842-8594344E7DCB}.Release|Any CPU.ActiveCfg = Release|Any CPU
		{517B84C6-095A-44EE-9842-8594344E7DCB}.Release|Any CPU.Build.0 = Release|Any CPU
	EndGlobalSection
	GlobalSection(SolutionProperties) = preSolution
		HideSolutionNode = FALSE
	EndGlobalSection
	GlobalSection(ExtensibilityGlobals) = postSolution
		SolutionGuid = {B3CF3CB4-7068-4EDC-9FD8-4C833EF109B8}
	EndGlobalSection
EndGlobal
